
Microsoft Visual Studio Solution File, Format Version 12.00
# Visual Studio Version 17
VisualStudioVersion = 17.5.33424.131
MinimumVisualStudioVersion = 10.0.40219.1
Project("{2150E333-8FDC-42A3-9474-1A3956D46DE8}") = "Application Bussines Rules", "Application Bussines Rules", "{FB18BBB8-70B4-4CB4-8975-FD1A1A2C7026}"
EndProject
Project("{2150E333-8FDC-42A3-9474-1A3956D46DE8}") = "Enterprise Bussines Rules", "Enterprise Bussines Rules", "{A2A3507E-01D6-48F5-B988-1708D26DA740}"
EndProject
Project("{2150E333-8FDC-42A3-9474-1A3956D46DE8}") = "Frameworks Drivers", "Frameworks Drivers", "{273EA131-250D-4391-BCC5-54A919B82D0A}"
EndProject
Project("{2150E333-8FDC-42A3-9474-1A3956D46DE8}") = "Interface Adapter", "Interface Adapter", "{A175411B-E01E-4BF4-A0B5-0ACE0CA7A2DE}"
EndProject
Project("{FAE04EC0-301F-11D3-BF4B-00C04F79EFBC}") = "JGQZ.ArqLimpia.UI.WebMVC", "JGQZ.ArqLimpia.UI.WebMVC\JGQZ.ArqLimpia.UI.WebMVC.csproj", "{9CD518AA-3AFB-4604-8A27-676FBF8C13A9}"
EndProject
Project("{FAE04EC0-301F-11D3-BF4B-00C04F79EFBC}") = "JGQZ.ArqLimpia.BL", "JGQZ.ArqLimpia.BL\JGQZ.ArqLimpia.BL.csproj", "{E22B852D-3FDA-4F66-8A93-76EAD074AE9B}"
EndProject
Project("{FAE04EC0-301F-11D3-BF4B-00C04F79EFBC}") = "JGQZ.ArqLimpia.BL.DTOs", "JGQZ.ArqLimpia.BL.DTOs\JGQZ.ArqLimpia.BL.DTOs.csproj", "{439E276C-5974-4F89-BB16-1A89DC8C5B88}"
EndProject
Project("{FAE04EC0-301F-11D3-BF4B-00C04F79EFBC}") = "JGQZ.ArqLimpia.BL.Interfaces", "JGQZ.ArqLimpia.BL.Interfaces\JGQZ.ArqLimpia.BL.Interfaces.csproj", "{33FCF530-B886-4F5F-8C2B-3C273A6FF6D8}"
EndProject
Project("{FAE04EC0-301F-11D3-BF4B-00C04F79EFBC}") = "JGQZ.ArqLimpia.EN", "JGQZ.ArqLimpia.EN\JGQZ.ArqLimpia.EN.csproj", "{8F59D35B-0E69-4C0E-885E-4E09B21F6559}"
EndProject
Project("{FAE04EC0-301F-11D3-BF4B-00C04F79EFBC}") = "JGQZ.ArqLimpia.EN.Interfaces", "JGQZ.ArqLimpia.EN.Interfaces\JGQZ.ArqLimpia.EN.Interfaces.csproj", "{B7C1487C-4C4C-44FC-ABF9-E2D9F05F6E7C}"
EndProject
Project("{FAE04EC0-301F-11D3-BF4B-00C04F79EFBC}") = "JGQZ.ArqLimpia.IoC", "JGQZ.ArqLimpia.IoC\JGQZ.ArqLimpia.IoC.csproj", "{DCF2A88E-2A60-4F03-A741-9750B24F384A}"
EndProject
Project("{FAE04EC0-301F-11D3-BF4B-00C04F79EFBC}") = "JGQZ.ArqLimpia.DAL", "JGQZ.ArqLimpia.DAL\JGQZ.ArqLimpia.DAL.csproj", "{4456FD9F-3C94-4A4B-A18E-6786CFAC6661}"
EndProject
Global
	GlobalSection(SolutionConfigurationPlatforms) = preSolution
		Debug|Any CPU = Debug|Any CPU
		Release|Any CPU = Release|Any CPU
	EndGlobalSection
	GlobalSection(ProjectConfigurationPlatforms) = postSolution
		{9CD518AA-3AFB-4604-8A27-676FBF8C13A9}.Debug|Any CPU.ActiveCfg = Debug|Any CPU
		{9CD518AA-3AFB-4604-8A27-676FBF8C13A9}.Debug|Any CPU.Build.0 = Debug|Any CPU
		{9CD518AA-3AFB-4604-8A27-676FBF8C13A9}.Release|Any CPU.ActiveCfg = Release|Any CPU
		{9CD518AA-3AFB-4604-8A27-676FBF8C13A9}.Release|Any CPU.Build.0 = Release|Any CPU
		{E22B852D-3FDA-4F66-8A93-76EAD074AE9B}.Debug|Any CPU.ActiveCfg = Debug|Any CPU
		{E22B852D-3FDA-4F66-8A93-76EAD074AE9B}.Debug|Any CPU.Build.0 = Debug|Any CPU
		{E22B852D-3FDA-4F66-8A93-76EAD074AE9B}.Release|Any CPU.ActiveCfg = Release|Any CPU
		{E22B852D-3FDA-4F66-8A93-76EAD074AE9B}.Release|Any CPU.Build.0 = Release|Any CPU
		{439E276C-5974-4F89-BB16-1A89DC8C5B88}.Debug|Any CPU.ActiveCfg = Debug|Any CPU
		{439E276C-5974-4F89-BB16-1A89DC8C5B88}.Debug|Any CPU.Build.0 = Debug|Any CPU
		{439E276C-5974-4F89-BB16-1A89DC8C5B88}.Release|Any CPU.ActiveCfg = Release|Any CPU
		{439E276C-5974-4F89-BB16-1A89DC8C5B88}.Release|Any CPU.Build.0 = Release|Any CPU
		{33FCF530-B886-4F5F-8C2B-3C273A6FF6D8}.Debug|Any CPU.ActiveCfg = Debug|Any CPU
		{33FCF530-B886-4F5F-8C2B-3C273A6FF6D8}.Debug|Any CPU.Build.0 = Debug|Any CPU
		{33FCF530-B886-4F5F-8C2B-3C273A6FF6D8}.Release|Any CPU.ActiveCfg = Release|Any CPU
		{33FCF530-B886-4F5F-8C2B-3C273A6FF6D8}.Release|Any CPU.Build.0 = Release|Any CPU
		{8F59D35B-0E69-4C0E-885E-4E09B21F6559}.Debug|Any CPU.ActiveCfg = Debug|Any CPU
		{8F59D35B-0E69-4C0E-885E-4E09B21F6559}.Debug|Any CPU.Build.0 = Debug|Any CPU
		{8F59D35B-0E69-4C0E-885E-4E09B21F6559}.Release|Any CPU.ActiveCfg = Release|Any CPU
		{8F59D35B-0E69-4C0E-885E-4E09B21F6559}.Release|Any CPU.Build.0 = Release|Any CPU
		{B7C1487C-4C4C-44FC-ABF9-E2D9F05F6E7C}.Debug|Any CPU.ActiveCfg = Debug|Any CPU
		{B7C1487C-4C4C-44FC-ABF9-E2D9F05F6E7C}.Debug|Any CPU.Build.0 = Debug|Any CPU
		{B7C1487C-4C4C-44FC-ABF9-E2D9F05F6E7C}.Release|Any CPU.ActiveCfg = Release|Any CPU
		{B7C1487C-4C4C-44FC-ABF9-E2D9F05F6E7C}.Release|Any CPU.Build.0 = Release|Any CPU
		{DCF2A88E-2A60-4F03-A741-9750B24F384A}.Debug|Any CPU.ActiveCfg = Debug|Any CPU
		{DCF2A88E-2A60-4F03-A741-9750B24F384A}.Debug|Any CPU.Build.0 = Debug|Any CPU
		{DCF2A88E-2A60-4F03-A741-9750B24F384A}.Release|Any CPU.ActiveCfg = Release|Any CPU
		{DCF2A88E-2A60-4F03-A741-9750B24F384A}.Release|Any CPU.Build.0 = Release|Any CPU
		{4456FD9F-3C94-4A4B-A18E-6786CFAC6661}.Debug|Any CPU.ActiveCfg = Debug|Any CPU
		{4456FD9F-3C94-4A4B-A18E-6786CFAC6661}.Debug|Any CPU.Build.0 = Debug|Any CPU
		{4456FD9F-3C94-4A4B-A18E-6786CFAC6661}.Release|Any CPU.ActiveCfg = Release|Any CPU
		{4456FD9F-3C94-4A4B-A18E-6786CFAC6661}.Release|Any CPU.Build.0 = Release|Any CPU
	EndGlobalSection
	GlobalSection(SolutionProperties) = preSolution
		HideSolutionNode = FALSE
	EndGlobalSection
	GlobalSection(NestedProjects) = preSolution
		{9CD518AA-3AFB-4604-8A27-676FBF8C13A9} = {273EA131-250D-4391-BCC5-54A919B82D0A}
		{E22B852D-3FDA-4F66-8A93-76EAD074AE9B} = {FB18BBB8-70B4-4CB4-8975-FD1A1A2C7026}
		{439E276C-5974-4F89-BB16-1A89DC8C5B88} = {FB18BBB8-70B4-4CB4-8975-FD1A1A2C7026}
		{33FCF530-B886-4F5F-8C2B-3C273A6FF6D8} = {FB18BBB8-70B4-4CB4-8975-FD1A1A2C7026}
		{8F59D35B-0E69-4C0E-885E-4E09B21F6559} = {A2A3507E-01D6-48F5-B988-1708D26DA740}
		{B7C1487C-4C4C-44FC-ABF9-E2D9F05F6E7C} = {A2A3507E-01D6-48F5-B988-1708D26DA740}
		{DCF2A88E-2A60-4F03-A741-9750B24F384A} = {A175411B-E01E-4BF4-A0B5-0ACE0CA7A2DE}
		{4456FD9F-3C94-4A4B-A18E-6786CFAC6661} = {A175411B-E01E-4BF4-A0B5-0ACE0CA7A2DE}
	EndGlobalSection
	GlobalSection(ExtensibilityGlobals) = postSolution
		SolutionGuid = {F81F694A-1912-4C1F-9DBF-A4B450176725}
	EndGlobalSection
EndGlobal
